// !$*UTF8*$!
{
	archiveVersion = 1;
	classes = {
	};
	objectVersion = 50;
	objects = {

/* Begin PBXBuildFile section */
		72F7A8982508D584005F71BE /* AppDelegate.m in Sources */ = {isa = PBXBuildFile; fileRef = 72F7A8972508D584005F71BE /* AppDelegate.m */; };
		72F7A89B2508D584005F71BE /* SceneDelegate.m in Sources */ = {isa = PBXBuildFile; fileRef = 72F7A89A2508D584005F71BE /* SceneDelegate.m */; };
		72F7A89E2508D584005F71BE /* ViewController.m in Sources */ = {isa = PBXBuildFile; fileRef = 72F7A89D2508D584005F71BE /* ViewController.m */; };
		72F7A8A12508D584005F71BE /* Main.storyboard in Resources */ = {isa = PBXBuildFile; fileRef = 72F7A89F2508D584005F71BE /* Main.storyboard */; };
		72F7A8A32508D587005F71BE /* Assets.xcassets in Resources */ = {isa = PBXBuildFile; fileRef = 72F7A8A22508D587005F71BE /* Assets.xcassets */; };
		72F7A8A62508D587005F71BE /* LaunchScreen.storyboard in Resources */ = {isa = PBXBuildFile; fileRef = 72F7A8A42508D587005F71BE /* LaunchScreen.storyboard */; };
		72F7A8A92508D587005F71BE /* main.m in Sources */ = {isa = PBXBuildFile; fileRef = 72F7A8A82508D587005F71BE /* main.m */; };
		72F7A8B12508D5CF005F71BE /* Book.m in Sources */ = {isa = PBXBuildFile; fileRef = 72F7A8B02508D5CF005F71BE /* Book.m */; };
/* End PBXBuildFile section */

/* Begin PBXFileReference section */
		72F7A8932508D584005F71BE /* OC_MemoryAlignment.app */ = {isa = PBXFileReference; explicitFileType = wrapper.application; includeInIndex = 0; path = OC_MemoryAlignment.app; sourceTree = BUILT_PRODUCTS_DIR; };
		72F7A8962508D584005F71BE /* AppDelegate.h */ = {isa = PBXFileReference; lastKnownFileType = sourcecode.c.h; path = AppDelegate.h; sourceTree = "<group>"; };
		72F7A8972508D584005F71BE /* AppDelegate.m */ = {isa = PBXFileReference; lastKnownFileType = sourcecode.c.objc; path = AppDelegate.m; sourceTree = "<group>"; };
		72F7A8992508D584005F71BE /* SceneDelegate.h */ = {isa = PBXFileReference; lastKnownFileType = sourcecode.c.h; path = SceneDelegate.h; sourceTree = "<group>"; };
		72F7A89A2508D584005F71BE /* SceneDelegate.m */ = {isa = PBXFileReference; lastKnownFileType = sourcecode.c.objc; path = SceneDelegate.m; sourceTree = "<group>"; };
		72F7A89C2508D584005F71BE /* ViewController.h */ = {isa = PBXFileReference; lastKnownFileType = sourcecode.c.h; path = ViewController.h; sourceTree = "<group>"; };
		72F7A89D2508D584005F71BE /* ViewController.m */ = {isa = PBXFileReference; lastKnownFileType = sourcecode.c.objc; path = ViewController.m; sourceTree = "<group>"; };
		72F7A8A02508D584005F71BE /* Base */ = {isa = PBXFileReference; lastKnownFileType = file.storyboard; name = Base; path = Base.lproj/Main.storyboard; sourceTree = "<group>"; };
		72F7A8A22508D587005F71BE /* Assets.xcassets */ = {isa = PBXFileReference; lastKnownFileType = folder.assetcatalog; path = Assets.xcassets; sourceTree = "<group>"; };
		72F7A8A52508D587005F71BE /* Base */ = {isa = PBXFileReference; lastKnownFileType = file.storyboard; name = Base; path = Base.lproj/LaunchScreen.storyboard; sourceTree = "<group>"; };
		72F7A8A72508D587005F71BE /* Info.plist */ = {isa = PBXFileReference; lastKnownFileType = text.plist.xml; path = Info.plist; sourceTree = "<group>"; };
		72F7A8A82508D587005F71BE /* main.m */ = {isa = PBXFileReference; lastKnownFileType = sourcecode.c.objc; path = main.m; sourceTree = "<group>"; };
		72F7A8AF2508D5CF005F71BE /* Book.h */ = {isa = PBXFileReference; lastKnownFileType = sourcecode.c.h; path = Book.h; sourceTree = "<group>"; };
		72F7A8B02508D5CF005F71BE /* Book.m */ = {isa = PBXFileReference; lastKnownFileType = sourcecode.c.objc; path = Book.m; sourceTree = "<group>"; };
/* End PBXFileReference section */

/* Begin PBXFrameworksBuildPhase section */
		72F7A8902508D584005F71BE /* Frameworks */ = {
			isa = PBXFrameworksBuildPhase;
			buildActionMask = 2147483647;
			files = (
			);
			runOnlyForDeploymentPostprocessing = 0;
		};
/* End PBXFrameworksBuildPhase section */

/* Begin PBXGroup section */
		72F7A88A2508D584005F71BE = {
			isa = PBXGroup;
			children = (
				72F7A8952508D584005F71BE /* OC_MemoryAlignment */,
				72F7A8942508D584005F71BE /* Products */,
			);
			sourceTree = "<group>";
		};
		72F7A8942508D584005F71BE /* Products */ = {
			isa = PBXGroup;
			children = (
				72F7A8932508D584005F71BE /* OC_MemoryAlignment.app */,
			);
			name = Products;
			sourceTree = "<group>";
		};
		72F7A8952508D584005F71BE /* OC_MemoryAlignment */ = {
			isa = PBXGroup;
			children = (
				72F7A8962508D584005F71BE /* AppDelegate.h */,
				72F7A8972508D584005F71BE /* AppDelegate.m */,
				72F7A8992508D584005F71BE /* SceneDelegate.h */,
				72F7A89A2508D584005F71BE /* SceneDelegate.m */,
				72F7A89C2508D584005F71BE /* ViewController.h */,
				72F7A89D2508D584005F71BE /* ViewController.m */,
				72F7A8AF2508D5CF005F71BE /* Book.h */,
				72F7A8B02508D5CF005F71BE /* Book.m */,
				72F7A89F2508D584005F71BE /* Main.storyboard */,
				72F7A8A22508D587005F71BE /* Assets.xcassets */,
				72F7A8A42508D587005F71BE /* LaunchScreen.storyboard */,
				72F7A8A72508D587005F71BE /* Info.plist */,
				72F7A8A82508D587005F71BE /* main.m */,
			);
			path = OC_MemoryAlignment;
			sourceTree = "<group>";
		};
/* End PBXGroup section */

/* Begin PBXNativeTarget section */
		72F7A8922508D584005F71BE /* OC_MemoryAlignment */ = {
			isa = PBXNativeTarget;
			buildConfigurationList = 72F7A8AC2508D587005F71BE /* Build configuration list for PBXNativeTarget "OC_MemoryAlignment" */;
			buildPhases = (
				72F7A88F2508D584005F71BE /* Sources */,
				72F7A8902508D584005F71BE /* Frameworks */,
				72F7A8912508D584005F71BE /* Resources */,
			);
			buildRules = (
			);
			dependencies = (
			);
			name = OC_MemoryAlignment;
			productName = OC_MemoryAlignment;
			productReference = 72F7A8932508D584005F71BE /* OC_MemoryAlignment.app */;
			productType = "com.apple.product-type.application";
		};
/* End PBXNativeTarget section */

/* Begin PBXProject section */
		72F7A88B2508D584005F71BE /* Project object */ = {
			isa = PBXProject;
			attributes = {
				LastUpgradeCheck = 1160;
				ORGANIZATIONNAME = tl;
				TargetAttributes = {
					72F7A8922508D584005F71BE = {
						CreatedOnToolsVersion = 11.6;
					};
				};
			};
			buildConfigurationList = 72F7A88E2508D584005F71BE /* Build configuration list for PBXProject "OC_MemoryAlignment" */;
			compatibilityVersion = "Xcode 9.3";
			developmentRegion = en;
			hasScannedForEncodings = 0;
			knownRegions = (
				en,
				Base,
			);
			mainGroup = 72F7A88A2508D584005F71BE;
			productRefGroup = 72F7A8942508D584005F71BE /* Products */;
			projectDirPath = "";
			projectRoot = "";
			targets = (
				72F7A8922508D584005F71BE /* OC_MemoryAlignment */,
			);
		};
/* End PBXProject section */

/* Begin PBXResourcesBuildPhase section */
		72F7A8912508D584005F71BE /* Resources */ = {
			isa = PBXResourcesBuildPhase;
			buildActionMask = 2147483647;
			files = (
				72F7A8A62508D587005F71BE /* LaunchScreen.storyboard in Resources */,
				72F7A8A32508D587005F71BE /* Assets.xcassets in Resources */,
				72F7A8A12508D584005F71BE /* Main.storyboard in Resources */,
			);
			runOnlyForDeploymentPostprocessing = 0;
		};
/* End PBXResourcesBuildPhase section */

/* Begin PBXSourcesBuildPhase section */
		72F7A88F2508D584005F71BE /* Sources */ = {
			isa = PBXSourcesBuildPhase;
			buildActionMask = 2147483647;
			files = (
				72F7A8B12508D5CF005F71BE /* Book.m in Sources */,
				72F7A89E2508D584005F71BE /* ViewController.m in Sources */,
				72F7A8982508D584005F71BE /* AppDelegate.m in Sources */,
				72F7A8A92508D587005F71BE /* main.m in Sources */,
				72F7A89B2508D584005F71BE /* SceneDelegate.m in Sources */,
			);
			runOnlyForDeploymentPostprocessing = 0;
		};
/* End PBXSourcesBuildPhase section */

/* Begin PBXVariantGroup section */
		72F7A89F2508D584005F71BE /* Main.storyboard */ = {
			isa = PBXVariantGroup;
			children = (
				72F7A8A02508D584005F71BE /* Base */,
			);
			name = Main.storyboard;
			sourceTree = "<group>";
		};
		72F7A8A42508D587005F71BE /* LaunchScreen.storyboard */ = {
			isa = PBXVariantGroup;
			children = (
				72F7A8A52508D587005F71BE /* Base */,
			);
			name = LaunchScreen.storyboard;
			sourceTree = "<group>";
		};
/* End PBXVariantGroup section */

/* Begin XCBuildConfiguration section */
		72F7A8AA2508D587005F71BE /* Debug */ = {
			isa = XCBuildConfiguration;
			buildSettings = {
				ALWAYS_SEARCH_USER_PATHS = NO;
				CLANG_ANALYZER_NONNULL = YES;
				CLANG_ANALYZER_NUMBER_OBJECT_CONVERSION = YES_AGGRESSIVE;
				CLANG_CXX_LANGUAGE_STANDARD = "gnu++14";
				CLANG_CXX_LIBRARY = "libc++";
				CLANG_ENABLE_MODULES = YES;
				CLANG_ENABLE_OBJC_ARC = YES;
				CLANG_ENABLE_OBJC_WEAK = YES;
				CLANG_WARN_BLOCK_CAPTURE_AUTORELEASING = YES;
				CLANG_WARN_BOOL_CONVERSION = YES;
				CLANG_WARN_COMMA = YES;
				CLANG_WARN_CONSTANT_CONVERSION = YES;
				CLANG_WARN_DEPRECATED_OBJC_IMPLEMENTATIONS = YES;
				CLANG_WARN_DIRECT_OBJC_ISA_USAGE = YES_ERROR;
				CLANG_WARN_DOCUMENTATION_COMMENTS = YES;
				CLANG_WARN_EMPTY_BODY = YES;
				CLANG_WARN_ENUM_CONVERSION = YES;
				CLANG_WARN_INFINITE_RECURSION = YES;
				CLANG_WARN_INT_CONVERSION = YES;
				CLANG_WARN_NON_LITERAL_NULL_CONVERSION = YES;
				CLANG_WARN_OBJC_IMPLICIT_RETAIN_SELF = YES;
				CLANG_WARN_OBJC_LITERAL_CONVERSION = YES;
				CLANG_WARN_OBJC_ROOT_CLASS = YES_ERROR;
				CLANG_WARN_RANGE_LOOP_ANALYSIS = YES;
				CLANG_WARN_STRICT_PROTOTYPES = YES;
				CLANG_WARN_SUSPICIOUS_MOVE = YES;
				CLANG_WARN_UNGUARDED_AVAILABILITY = YES_AGGRESSIVE;
				CLANG_WARN_UNREACHABLE_CODE = YES;
				CLANG_WARN__DUPLICATE_METHOD_MATCH = YES;
				COPY_PHASE_STRIP = NO;
				DEBUG_INFORMATION_FORMAT = dwarf;
				ENABLE_STRICT_OBJC_MSGSEND = YES;
				ENABLE_TESTABILITY = YES;
				GCC_C_LANGUAGE_STANDARD = gnu11;
				GCC_DYNAMIC_NO_PIC = NO;
				GCC_NO_COMMON_BLOCKS = YES;
				GCC_OPTIMIZATION_LEVEL = 0;
				GCC_PREPROCESSOR_DEFINITIONS = (
					"DEBUG=1",
					"$(inherited)",
				);
				GCC_WARN_64_TO_32_BIT_CONVERSION = YES;
				GCC_WARN_ABOUT_RETURN_TYPE = YES_ERROR;
				GCC_WARN_UNDECLARED_SELECTOR = YES;
				GCC_WARN_UNINITIALIZED_AUTOS = YES_AGGRESSIVE;
				GCC_WARN_UNUSED_FUNCTION = YES;
				GCC_WARN_UNUSED_VARIABLE = YES;
				IPHONEOS_DEPLOYMENT_TARGET = 13.6;
				MTL_ENABLE_DEBUG_INFO = INCLUDE_SOURCE;
				MTL_FAST_MATH = YES;
				ONLY_ACTIVE_ARCH = YES;
				SDKROOT = iphoneos;
			};
			name = Debug;
		};
		72F7A8AB2508D587005F71BE /* Release */ = {
			isa = XCBuildConfiguration;
			buildSettings = {
				ALWAYS_SEARCH_USER_PATHS = NO;
				CLANG_ANALYZER_NONNULL = YES;
				CLANG_ANALYZER_NUMBER_OBJECT_CONVERSION = YES_AGGRESSIVE;
				CLANG_CXX_LANGUAGE_STANDARD = "gnu++14";
				CLANG_CXX_LIBRARY = "libc++";
				CLANG_ENABLE_MODULES = YES;
				CLANG_ENABLE_OBJC_ARC = YES;
				CLANG_ENABLE_OBJC_WEAK = YES;
				CLANG_WARN_BLOCK_CAPTURE_AUTORELEASING = YES;
				CLANG_WARN_BOOL_CONVERSION = YES;
				CLANG_WARN_COMMA = YES;
				CLANG_WARN_CONSTANT_CONVERSION = YES;
				CLANG_WARN_DEPRECATED_OBJC_IMPLEMENTATIONS = YES;
				CLANG_WARN_DIRECT_OBJC_ISA_USAGE = YES_ERROR;
				CLANG_WARN_DOCUMENTATION_COMMENTS = YES;
				CLANG_WARN_EMPTY_BODY = YES;
				CLANG_WARN_ENUM_CONVERSION = YES;
				CLANG_WARN_INFINITE_RECURSION = YES;
				CLANG_WARN_INT_CONVERSION = YES;
				CLANG_WARN_NON_LITERAL_NULL_CONVERSION = YES;
				CLANG_WARN_OBJC_IMPLICIT_RETAIN_SELF = YES;
				CLANG_WARN_OBJC_LITERAL_CONVERSION = YES;
				CLANG_WARN_OBJC_ROOT_CLASS = YES_ERROR;
				CLANG_WARN_RANGE_LOOP_ANALYSIS = YES;
				CLANG_WARN_STRICT_PROTOTYPES = YES;
				CLANG_WARN_SUSPICIOUS_MOVE = YES;
				CLANG_WARN_UNGUARDED_AVAILABILITY = YES_AGGRESSIVE;
				CLANG_WARN_UNREACHABLE_CODE = YES;
				CLANG_WARN__DUPLICATE_METHOD_MATCH = YES;
				COPY_PHASE_STRIP = NO;
				DEBUG_INFORMATION_FORMAT = "dwarf-with-dsym";
				ENABLE_NS_ASSERTIONS = NO;
				ENABLE_STRICT_OBJC_MSGSEND = YES;
				GCC_C_LANGUAGE_STANDARD = gnu11;
				GCC_NO_COMMON_BLOCKS = YES;
				GCC_WARN_64_TO_32_BIT_CONVERSION = YES;
				GCC_WARN_ABOUT_RETURN_TYPE = YES_ERROR;
				GCC_WARN_UNDECLARED_SELECTOR = YES;
				GCC_WARN_UNINITIALIZED_AUTOS = YES_AGGRESSIVE;
				GCC_WARN_UNUSED_FUNCTION = YES;
				GCC_WARN_UNUSED_VARIABLE = YES;
				IPHONEOS_DEPLOYMENT_TARGET = 13.6;
				MTL_ENABLE_DEBUG_INFO = NO;
				MTL_FAST_MATH = YES;
				SDKROOT = iphoneos;
				VALIDATE_PRODUCT = YES;
			};
			name = Release;
		};
		72F7A8AD2508D587005F71BE /* Debug */ = {
			isa = XCBuildConfiguration;
			buildSettings = {
				ASSETCATALOG_COMPILER_APPICON_NAME = AppIcon;
				CODE_SIGN_STYLE = Automatic;
				DEVELOPMENT_TEAM = YCPSAMPQW8;
				INFOPLIST_FILE = OC_MemoryAlignment/Info.plist;
				LD_RUNPATH_SEARCH_PATHS = (
					"$(inherited)",
					"@executable_path/Frameworks",
				);
				PRODUCT_BUNDLE_IDENTIFIER = "com.tl.OC-MemoryAlignment";
				PRODUCT_NAME = "$(TARGET_NAME)";
				TARGETED_DEVICE_FAMILY = "1,2";
			};
			name = Debug;
		};
		72F7A8AE2508D587005F71BE /* Release */ = {
			isa = XCBuildConfiguration;
			buildSettings = {
				ASSETCATALOG_COMPILER_APPICON_NAME = AppIcon;
				CODE_SIGN_STYLE = Automatic;
				DEVELOPMENT_TEAM = YCPSAMPQW8;
				INFOPLIST_FILE = OC_MemoryAlignment/Info.plist;
				LD_RUNPATH_SEARCH_PATHS = (
					"$(inherited)",
					"@executable_path/Frameworks",
				);
				PRODUCT_BUNDLE_IDENTIFIER = "com.tl.OC-MemoryAlignment";
				PRODUCT_NAME = "$(TARGET_NAME)";
				TARGETED_DEVICE_FAMILY = "1,2";
			};
			name = Release;
		};
/* End XCBuildConfiguration section */

/* Begin XCConfigurationList section */
		72F7A88E2508D584005F71BE /* Build configuration list for PBXProject "OC_MemoryAlignment" */ = {
			isa = XCConfigurationList;
			buildConfigurations = (
				72F7A8AA2508D587005F71BE /* Debug */,
				72F7A8AB2508D587005F71BE /* Release */,
			);
			defaultConfigurationIsVisible = 0;
			defaultConfigurationName = Release;
		};
		72F7A8AC2508D587005F71BE /* Build configuration list for PBXNativeTarget "OC_MemoryAlignment" */ = {
			isa = XCConfigurationList;
			buildConfigurations = (
				72F7A8AD2508D587005F71BE /* Debug */,
				72F7A8AE2508D587005F71BE /* Release */,
			);
			defaultConfigurationIsVisible = 0;
			defaultConfigurationName = Release;
		};
/* End XCConfigurationList section */
	};
	rootObject = 72F7A88B2508D584005F71BE /* Project object */;
}
